
Microsoft Visual Studio Solution File, Format Version 12.00
# Visual Studio Version 16
VisualStudioVersion = 16.0.30907.101
MinimumVisualStudioVersion = 10.0.40219.1
Project("{FAE04EC0-301F-11D3-BF4B-00C04F79EFBC}") = "KanyeWest", "KanyeWest\KanyeWest.csproj", "{C88408B5-089C-4816-953A-F5014100016F}"
EndProject
Global
	GlobalSection(SolutionConfigurationPlatforms) = preSolution
		Debug|Any CPU = Debug|Any CPU
		Release|Any CPU = Release|Any CPU
	EndGlobalSection
	GlobalSection(ProjectConfigurationPlatforms) = postSolution
		{C88408B5-089C-4816-953A-F5014100016F}.Debug|Any CPU.ActiveCfg = Debug|Any CPU
		{C88408B5-089C-4816-953A-F5014100016F}.Debug|Any CPU.Build.0 = Debug|Any CPU
		{C88408B5-089C-4816-953A-F5014100016F}.Release|Any CPU.ActiveCfg = Release|Any CPU
		{C88408B5-089C-4816-953A-F5014100016F}.Release|Any CPU.Build.0 = Release|Any CPU
	EndGlobalSection
	GlobalSection(SolutionProperties) = preSolution
		HideSolutionNode = FALSE
	EndGlobalSection
	GlobalSection(ExtensibilityGlobals) = postSolution
		SolutionGuid = {442F18B2-2E0F-453A-B75F-452A0195A62C}
	EndGlobalSection
EndGlobal
